
Microsoft Visual Studio Solution File, Format Version 12.00
# Visual Studio 15
VisualStudioVersion = 15.0.28307.489
MinimumVisualStudioVersion = 10.0.40219.1
Project("{FAE04EC0-301F-11D3-BF4B-00C04F79EFBC}") = "FileView.Api", "FileView.Api\FileView.Api.csproj", "{9CF644B3-572D-4D40-941D-A11B7CDDA31F}"
EndProject
Global
	GlobalSection(SolutionConfigurationPlatforms) = preSolution
		Debug|Any CPU = Debug|Any CPU
		Release|Any CPU = Release|Any CPU
	EndGlobalSection
	GlobalSection(ProjectConfigurationPlatforms) = postSolution
		{9CF644B3-572D-4D40-941D-A11B7CDDA31F}.Debug|Any CPU.ActiveCfg = Debug|Any CPU
		{9CF644B3-572D-4D40-941D-A11B7CDDA31F}.Debug|Any CPU.Build.0 = Debug|Any CPU
		{9CF644B3-572D-4D40-941D-A11B7CDDA31F}.Release|Any CPU.ActiveCfg = Release|Any CPU
		{9CF644B3-572D-4D40-941D-A11B7CDDA31F}.Release|Any CPU.Build.0 = Release|Any CPU
	EndGlobalSection
	GlobalSection(SolutionProperties) = preSolution
		HideSolutionNode = FALSE
	EndGlobalSection
	GlobalSection(ExtensibilityGlobals) = postSolution
		SolutionGuid = {04BCA809-CE32-488A-AE05-218B9A303D16}
	EndGlobalSection
EndGlobal
